
Microsoft Visual Studio Solution File, Format Version 12.00
# Visual Studio Version 17
VisualStudioVersion = 17.3.32929.385
MinimumVisualStudioVersion = 10.0.40219.1
Project("{FAE04EC0-301F-11D3-BF4B-00C04F79EFBC}") = "SudokuSloverHendler", "SudokuSloverHendler\SudokuSloverHendler.csproj", "{65C8FCB5-A172-4D30-9E65-6CC1C9F371E0}"
EndProject
Project("{FAE04EC0-301F-11D3-BF4B-00C04F79EFBC}") = "WPF_Client", "WPF_Client\WPF_Client.csproj", "{6271E8DD-E984-4586-B2E9-91E133D60D3F}"
EndProject
Global
	GlobalSection(SolutionConfigurationPlatforms) = preSolution
		Debug|Any CPU = Debug|Any CPU
		Release|Any CPU = Release|Any CPU
	EndGlobalSection
	GlobalSection(ProjectConfigurationPlatforms) = postSolution
		{65C8FCB5-A172-4D30-9E65-6CC1C9F371E0}.Debug|Any CPU.ActiveCfg = Debug|Any CPU
		{65C8FCB5-A172-4D30-9E65-6CC1C9F371E0}.Debug|Any CPU.Build.0 = Debug|Any CPU
		{65C8FCB5-A172-4D30-9E65-6CC1C9F371E0}.Release|Any CPU.ActiveCfg = Release|Any CPU
		{65C8FCB5-A172-4D30-9E65-6CC1C9F371E0}.Release|Any CPU.Build.0 = Release|Any CPU
		{6271E8DD-E984-4586-B2E9-91E133D60D3F}.Debug|Any CPU.ActiveCfg = Debug|Any CPU
		{6271E8DD-E984-4586-B2E9-91E133D60D3F}.Debug|Any CPU.Build.0 = Debug|Any CPU
		{6271E8DD-E984-4586-B2E9-91E133D60D3F}.Release|Any CPU.ActiveCfg = Release|Any CPU
		{6271E8DD-E984-4586-B2E9-91E133D60D3F}.Release|Any CPU.Build.0 = Release|Any CPU
	EndGlobalSection
	GlobalSection(SolutionProperties) = preSolution
		HideSolutionNode = FALSE
	EndGlobalSection
	GlobalSection(ExtensibilityGlobals) = postSolution
		SolutionGuid = {0F80D590-0A5A-42E2-B4C4-82388D44CE2F}
	EndGlobalSection
EndGlobal
